
Microsoft Visual Studio Solution File, Format Version 12.00
# Visual Studio Version 16
VisualStudioVersion = 16.0.28803.916
MinimumVisualStudioVersion = 10.0.40219.1
Project("{FAE04EC0-301F-11D3-BF4B-00C04F79EFBC}") = "CandU224A", "CandU224A\CandU224A.csproj", "{8042DFDE-0E03-44CF-9150-661D56AE1F42}"
EndProject
Global
	GlobalSection(SolutionConfigurationPlatforms) = preSolution
		Debug|Any CPU = Debug|Any CPU
		Release|Any CPU = Release|Any CPU
	EndGlobalSection
	GlobalSection(ProjectConfigurationPlatforms) = postSolution
		{8042DFDE-0E03-44CF-9150-661D56AE1F42}.Debug|Any CPU.ActiveCfg = Debug|Any CPU
		{8042DFDE-0E03-44CF-9150-661D56AE1F42}.Debug|Any CPU.Build.0 = Debug|Any CPU
		{8042DFDE-0E03-44CF-9150-661D56AE1F42}.Release|Any CPU.ActiveCfg = Release|Any CPU
		{8042DFDE-0E03-44CF-9150-661D56AE1F42}.Release|Any CPU.Build.0 = Release|Any CPU
	EndGlobalSection
	GlobalSection(SolutionProperties) = preSolution
		HideSolutionNode = FALSE
	EndGlobalSection
	GlobalSection(ExtensibilityGlobals) = postSolution
		SolutionGuid = {DCA2AD6D-9154-44F8-8F50-BDC99FC2AD23}
	EndGlobalSection
EndGlobal
